
Microsoft Visual Studio Solution File, Format Version 12.00
# Visual Studio Version 17
VisualStudioVersion = 17.12.35707.178 d17.12
MinimumVisualStudioVersion = 10.0.40219.1
Project("{FAE04EC0-301F-11D3-BF4B-00C04F79EFBC}") = "Wİndows_Forms_Labirent_Oyunu", "Wİndows_Forms_Labirent_Oyunu\Wİndows_Forms_Labirent_Oyunu.csproj", "{503FA40C-5C51-4AF6-A70A-E83AA1D7D079}"
EndProject
Global
	GlobalSection(SolutionConfigurationPlatforms) = preSolution
		Debug|Any CPU = Debug|Any CPU
		Release|Any CPU = Release|Any CPU
	EndGlobalSection
	GlobalSection(ProjectConfigurationPlatforms) = postSolution
		{503FA40C-5C51-4AF6-A70A-E83AA1D7D079}.Debug|Any CPU.ActiveCfg = Debug|Any CPU
		{503FA40C-5C51-4AF6-A70A-E83AA1D7D079}.Debug|Any CPU.Build.0 = Debug|Any CPU
		{503FA40C-5C51-4AF6-A70A-E83AA1D7D079}.Release|Any CPU.ActiveCfg = Release|Any CPU
		{503FA40C-5C51-4AF6-A70A-E83AA1D7D079}.Release|Any CPU.Build.0 = Release|Any CPU
	EndGlobalSection
	GlobalSection(SolutionProperties) = preSolution
		HideSolutionNode = FALSE
	EndGlobalSection
EndGlobal
